
Microsoft Visual Studio Solution File, Format Version 12.00
# Visual Studio Version 17
VisualStudioVersion = 17.4.34902.99
MinimumVisualStudioVersion = 10.0.40219.1
Project("{FAE04EC0-301F-11D3-BF4B-00C04F79EFBC}") = "CareSmartChatBot", "CareSmartChatBot\CareSmartChatBot.csproj", "{0BA7C694-DCCB-400A-A7DF-19CCA076FE9E}"
EndProject
Global
	GlobalSection(SolutionConfigurationPlatforms) = preSolution
		Debug|Any CPU = Debug|Any CPU
		Release|Any CPU = Release|Any CPU
	EndGlobalSection
	GlobalSection(ProjectConfigurationPlatforms) = postSolution
		{0BA7C694-DCCB-400A-A7DF-19CCA076FE9E}.Debug|Any CPU.ActiveCfg = Debug|Any CPU
		{0BA7C694-DCCB-400A-A7DF-19CCA076FE9E}.Debug|Any CPU.Build.0 = Debug|Any CPU
		{0BA7C694-DCCB-400A-A7DF-19CCA076FE9E}.Release|Any CPU.ActiveCfg = Release|Any CPU
		{0BA7C694-DCCB-400A-A7DF-19CCA076FE9E}.Release|Any CPU.Build.0 = Release|Any CPU
	EndGlobalSection
	GlobalSection(SolutionProperties) = preSolution
		HideSolutionNode = FALSE
	EndGlobalSection
	GlobalSection(ExtensibilityGlobals) = postSolution
		SolutionGuid = {DEC37E29-4490-459D-920E-A9F842AF8D81}
	EndGlobalSection
EndGlobal
